{
    "_readme": [
        "This file locks the dependencies of your project to a known state",
        "Read more about it at http://getcomposer.org/doc/01-basic-usage.md#composer-lock-the-lock-file"
    ],
    "hash": "444c8519e258b179b5333a97628d2c08",
    "packages": [
        {
            "name": "harp-orm/util",
            "version": "0.2.0",
            "source": {
                "type": "git",
                "url": "https://github.com/harp-orm/util.git",
                "reference": "902c0d451126279fa0d5dbff7f3f99ce9e6cf9d2"
            },
            "dist": {
                "type": "zip",
                "url": "https://api.github.com/repos/harp-orm/util/zipball/902c0d451126279fa0d5dbff7f3f99ce9e6cf9d2",
                "reference": "902c0d451126279fa0d5dbff7f3f99ce9e6cf9d2",
                "shasum": ""
            },
            "type": "library",
            "autoload": {
                "psr-4": {
                    "Harp\\Util\\": "src/"
                }
            },
            "license": [
                "BSD-3-Clause"
            ],
            "authors": [
                {
                    "name": "Ivan Kerin",
                    "email": "ikerin@gmail.com",
                    "role": "Author"
                }
            ],
            "description": "General purpose helper methods",
            "support": {
                "source": "https://github.com/harp-orm/util/tree/0.2.0",
                "issues": "https://github.com/harp-orm/util/issues"
            },
            "time": "2014-05-31 11:21:41"
        },
        {
            "name": "harp-orm/validate",
            "version": "dev-master",
            "source": {
                "type": "git",
                "url": "https://github.com/harp-orm/validate.git",
                "reference": "4287648c926e43ec668f17a8be507b521702853b"
            },
            "dist": {
                "type": "zip",
                "url": "https://api.github.com/repos/harp-orm/validate/zipball/4287648c926e43ec668f17a8be507b521702853b",
                "reference": "4287648c926e43ec668f17a8be507b521702853b",
                "shasum": ""
            },
            "type": "library",
            "autoload": {
                "psr-4": {
                    "Harp\\Validate\\": "src/"
                }
            },
            "notification-url": "https://packagist.org/downloads/",
            "license": [
                "BSD-3-Clause"
            ],
            "authors": [
                {
                    "name": "Ivan Kerin",
                    "email": "ikerin@gmail.com",
                    "homepage": "http://www.openbuildings.com",
                    "role": "Author"
                }
            ],
            "description": "Object validaiton library",
            "time": "2014-05-29 12:13:07"
        }
    ],
    "packages-dev": [
        {
            "name": "clippings/env-backup",
            "version": "0.2.5",
            "source": {
                "type": "git",
                "url": "https://github.com/clippings/env-backup.git",
                "reference": "b52f0501d525cddcff7ecc28e119c3a3e539c0f0"
            },
            "dist": {
                "type": "zip",
                "url": "https://api.github.com/repos/clippings/env-backup/zipball/b52f0501d525cddcff7ecc28e119c3a3e539c0f0",
                "reference": "b52f0501d525cddcff7ecc28e119c3a3e539c0f0",
                "shasum": ""
            },
            "type": "library",
            "autoload": {
                "psr-4": {
                    "CL\\EnvBackup\\": "src/"
                }
            },
            "notification-url": "https://packagist.org/downloads/",
            "license": [
                "BSD-3-Clause"
            ],
            "authors": [
                {
                    "name": "Ivan Kerin",
                    "email": "ikerin@gmail.com",
                    "homepage": "http://www.openbuildings.com",
                    "role": "Author"
                }
            ],
            "description": "Backup/restore environment variables: globals, static vars, configs",
            "time": "2014-04-30 11:33:23"
        }
    ],
    "aliases": [],
    "minimum-stability": "stable",
    "stability-flags": {
        "harp-orm/validate": 20
    },
    "platform": {
        "php": ">=5.4.0"
    },
    "platform-dev": []
}
